
Microsoft Visual Studio Solution File, Format Version 12.00
# Visual Studio Version 17
VisualStudioVersion = 17.7.34221.43
MinimumVisualStudioVersion = 10.0.40219.1
Project("{FAE04EC0-301F-11D3-BF4B-00C04F79EFBC}") = "TestSolution", "TestSolution\TestSolution.csproj", "{7E8C265E-8339-44A5-8B61-59B6AE5A7953}"
EndProject
Global
	GlobalSection(SolutionConfigurationPlatforms) = preSolution
		Debug|Any CPU = Debug|Any CPU
		Release|Any CPU = Release|Any CPU
	EndGlobalSection
	GlobalSection(ProjectConfigurationPlatforms) = postSolution
		{7E8C265E-8339-44A5-8B61-59B6AE5A7953}.Debug|Any CPU.ActiveCfg = Debug|Any CPU
		{7E8C265E-8339-44A5-8B61-59B6AE5A7953}.Debug|Any CPU.Build.0 = Debug|Any CPU
		{7E8C265E-8339-44A5-8B61-59B6AE5A7953}.Release|Any CPU.ActiveCfg = Release|Any CPU
		{7E8C265E-8339-44A5-8B61-59B6AE5A7953}.Release|Any CPU.Build.0 = Release|Any CPU
	EndGlobalSection
	GlobalSection(SolutionProperties) = preSolution
		HideSolutionNode = FALSE
	EndGlobalSection
	GlobalSection(ExtensibilityGlobals) = postSolution
		SolutionGuid = {E3D11230-E800-4CBA-A1B5-3EFFFFE33E62}
	EndGlobalSection
EndGlobal
